
Microsoft Visual Studio Solution File, Format Version 12.00
# Visual Studio Version 17
VisualStudioVersion = 17.9.34714.143
MinimumVisualStudioVersion = 10.0.40219.1
Project("{9A19103F-16F7-4668-BE54-9A1E7A4F7556}") = "Midi2OSC", "Midi2OSC\Midi2OSC.csproj", "{AF0A35B4-6CE0-4CC4-835D-2DCC747D4F92}"
EndProject
Project("{FAE04EC0-301F-11D3-BF4B-00C04F79EFBC}") = "SharpOSC", "SharpOSC\SharpOSC\SharpOSC.csproj", "{9B922B0B-5595-4E05-8270-F63FAAA6C299}"
EndProject
Global
	GlobalSection(SolutionConfigurationPlatforms) = preSolution
		Debug|Any CPU = Debug|Any CPU
		Release|Any CPU = Release|Any CPU
	EndGlobalSection
	GlobalSection(ProjectConfigurationPlatforms) = postSolution
		{AF0A35B4-6CE0-4CC4-835D-2DCC747D4F92}.Debug|Any CPU.ActiveCfg = Debug|Any CPU
		{AF0A35B4-6CE0-4CC4-835D-2DCC747D4F92}.Debug|Any CPU.Build.0 = Debug|Any CPU
		{AF0A35B4-6CE0-4CC4-835D-2DCC747D4F92}.Release|Any CPU.ActiveCfg = Release|Any CPU
		{AF0A35B4-6CE0-4CC4-835D-2DCC747D4F92}.Release|Any CPU.Build.0 = Release|Any CPU
		{9B922B0B-5595-4E05-8270-F63FAAA6C299}.Debug|Any CPU.ActiveCfg = Debug|Any CPU
		{9B922B0B-5595-4E05-8270-F63FAAA6C299}.Debug|Any CPU.Build.0 = Debug|Any CPU
		{9B922B0B-5595-4E05-8270-F63FAAA6C299}.Release|Any CPU.ActiveCfg = Release|Any CPU
		{9B922B0B-5595-4E05-8270-F63FAAA6C299}.Release|Any CPU.Build.0 = Release|Any CPU
	EndGlobalSection
	GlobalSection(SolutionProperties) = preSolution
		HideSolutionNode = FALSE
	EndGlobalSection
	GlobalSection(ExtensibilityGlobals) = postSolution
		SolutionGuid = {DA900064-EA85-4A3D-A777-70350129D5BD}
	EndGlobalSection
EndGlobal
